
Microsoft Visual Studio Solution File, Format Version 12.00
# Visual Studio Version 17
VisualStudioVersion = 17.8.34330.188
MinimumVisualStudioVersion = 10.0.40219.1
Project("{FAE04EC0-301F-11D3-BF4B-00C04F79EFBC}") = "AdventOfCode2022", "src\AdventOfCode2022\AdventOfCode2022.csproj", "{D8B07587-1833-487A-BCE1-19D66B7227A4}"
EndProject
Project("{FAE04EC0-301F-11D3-BF4B-00C04F79EFBC}") = "AdventOfCode2023", "src\AdventOfCode2023\AdventOfCode2023.csproj", "{F566E466-4A6C-41A5-9A55-1A62449E3BA2}"
EndProject
Global
	GlobalSection(SolutionConfigurationPlatforms) = preSolution
		Debug|Any CPU = Debug|Any CPU
		Release|Any CPU = Release|Any CPU
	EndGlobalSection
	GlobalSection(ProjectConfigurationPlatforms) = postSolution
		{D8B07587-1833-487A-BCE1-19D66B7227A4}.Debug|Any CPU.ActiveCfg = Debug|Any CPU
		{D8B07587-1833-487A-BCE1-19D66B7227A4}.Debug|Any CPU.Build.0 = Debug|Any CPU
		{D8B07587-1833-487A-BCE1-19D66B7227A4}.Release|Any CPU.ActiveCfg = Release|Any CPU
		{D8B07587-1833-487A-BCE1-19D66B7227A4}.Release|Any CPU.Build.0 = Release|Any CPU
		{F566E466-4A6C-41A5-9A55-1A62449E3BA2}.Debug|Any CPU.ActiveCfg = Debug|Any CPU
		{F566E466-4A6C-41A5-9A55-1A62449E3BA2}.Debug|Any CPU.Build.0 = Debug|Any CPU
		{F566E466-4A6C-41A5-9A55-1A62449E3BA2}.Release|Any CPU.ActiveCfg = Release|Any CPU
		{F566E466-4A6C-41A5-9A55-1A62449E3BA2}.Release|Any CPU.Build.0 = Release|Any CPU
	EndGlobalSection
	GlobalSection(SolutionProperties) = preSolution
		HideSolutionNode = FALSE
	EndGlobalSection
	GlobalSection(ExtensibilityGlobals) = postSolution
		SolutionGuid = {BA338A60-1919-4723-920A-11C8825EF140}
	EndGlobalSection
EndGlobal
